
Microsoft Visual Studio Solution File, Format Version 12.00
# Visual Studio Version 17
VisualStudioVersion = 17.1.32210.238
MinimumVisualStudioVersion = 10.0.40219.1
Project("{FAE04EC0-301F-11D3-BF4B-00C04F79EFBC}") = "PA05_POT - Czy umiesz potęgować", "PA05_POT - Czy umiesz potęgować\PA05_POT - Czy umiesz potęgować.csproj", "{6C4A4B6C-528D-4911-98F4-6293BA4D6186}"
EndProject
Global
	GlobalSection(SolutionConfigurationPlatforms) = preSolution
		Debug|Any CPU = Debug|Any CPU
		Release|Any CPU = Release|Any CPU
	EndGlobalSection
	GlobalSection(ProjectConfigurationPlatforms) = postSolution
		{6C4A4B6C-528D-4911-98F4-6293BA4D6186}.Debug|Any CPU.ActiveCfg = Debug|Any CPU
		{6C4A4B6C-528D-4911-98F4-6293BA4D6186}.Debug|Any CPU.Build.0 = Debug|Any CPU
		{6C4A4B6C-528D-4911-98F4-6293BA4D6186}.Release|Any CPU.ActiveCfg = Release|Any CPU
		{6C4A4B6C-528D-4911-98F4-6293BA4D6186}.Release|Any CPU.Build.0 = Release|Any CPU
	EndGlobalSection
	GlobalSection(SolutionProperties) = preSolution
		HideSolutionNode = FALSE
	EndGlobalSection
	GlobalSection(ExtensibilityGlobals) = postSolution
		SolutionGuid = {CEBC7E08-2731-45B6-AC31-E285D89195A5}
	EndGlobalSection
EndGlobal
